
Microsoft Visual Studio Solution File, Format Version 12.00
# Visual Studio Version 17
VisualStudioVersion = 17.7.34202.233
MinimumVisualStudioVersion = 10.0.40219.1
Project("{FAE04EC0-301F-11D3-BF4B-00C04F79EFBC}") = "BigO", "BigO.csproj", "{B23FF783-E70B-4E34-922A-F4279D79FF7C}"
EndProject
Global
	GlobalSection(SolutionConfigurationPlatforms) = preSolution
		Debug|Any CPU = Debug|Any CPU
		Release|Any CPU = Release|Any CPU
	EndGlobalSection
	GlobalSection(ProjectConfigurationPlatforms) = postSolution
		{B23FF783-E70B-4E34-922A-F4279D79FF7C}.Debug|Any CPU.ActiveCfg = Debug|Any CPU
		{B23FF783-E70B-4E34-922A-F4279D79FF7C}.Debug|Any CPU.Build.0 = Debug|Any CPU
		{B23FF783-E70B-4E34-922A-F4279D79FF7C}.Release|Any CPU.ActiveCfg = Release|Any CPU
		{B23FF783-E70B-4E34-922A-F4279D79FF7C}.Release|Any CPU.Build.0 = Release|Any CPU
	EndGlobalSection
	GlobalSection(SolutionProperties) = preSolution
		HideSolutionNode = FALSE
	EndGlobalSection
	GlobalSection(ExtensibilityGlobals) = postSolution
		SolutionGuid = {4F33129A-3402-4420-AAED-7811BFA4CFAC}
	EndGlobalSection
EndGlobal
