
Microsoft Visual Studio Solution File, Format Version 12.00
# Visual Studio Version 17
VisualStudioVersion = 17.7.34202.233
MinimumVisualStudioVersion = 10.0.40219.1
Project("{FAE04EC0-301F-11D3-BF4B-00C04F79EFBC}") = "C#-Intro", "C#-Intro.csproj", "{8CA00AC2-ABF3-411B-8601-71A3A5DD5062}"
EndProject
Global
	GlobalSection(SolutionConfigurationPlatforms) = preSolution
		Debug|Any CPU = Debug|Any CPU
		Release|Any CPU = Release|Any CPU
	EndGlobalSection
	GlobalSection(ProjectConfigurationPlatforms) = postSolution
		{8CA00AC2-ABF3-411B-8601-71A3A5DD5062}.Debug|Any CPU.ActiveCfg = Debug|Any CPU
		{8CA00AC2-ABF3-411B-8601-71A3A5DD5062}.Debug|Any CPU.Build.0 = Debug|Any CPU
		{8CA00AC2-ABF3-411B-8601-71A3A5DD5062}.Release|Any CPU.ActiveCfg = Release|Any CPU
		{8CA00AC2-ABF3-411B-8601-71A3A5DD5062}.Release|Any CPU.Build.0 = Release|Any CPU
	EndGlobalSection
	GlobalSection(SolutionProperties) = preSolution
		HideSolutionNode = FALSE
	EndGlobalSection
	GlobalSection(ExtensibilityGlobals) = postSolution
		SolutionGuid = {CE4041E4-B60F-426E-8B15-2401E66D001A}
	EndGlobalSection
EndGlobal
